uuid: 6ccc509e-6f97-45e3-a90a-340b4b73d073
langcode: en
status: true
dependencies:
  module:
    - basic_page_custom
    - system
  theme:
    - olivero
id: olivero_welcomeblock
theme: olivero
region: content_above
weight: 0
provider: null
plugin: welcome_block
settings:
  id: welcome_block
  label: 'Welcome Block'
  label_display: visible
  provider: basic_page_custom
visibility:
  request_path:
    id: request_path
    negate: false
    pages: /custom-welcome-page
